
Microsoft Visual Studio Solution File, Format Version 12.00
# Visual Studio Version 17
VisualStudioVersion = 17.14.36401.2 d17.14
MinimumVisualStudioVersion = 10.0.40219.1
Project("{FAE04EC0-301F-11D3-BF4B-00C04F79EFBC}") = "BTL_LTW", "BTL_LTW\BTL_LTW.csproj", "{573B793D-BB61-4952-85EA-F4E9C16E191D}"
EndProject
Global
	GlobalSection(SolutionConfigurationPlatforms) = preSolution
		Debug|Any CPU = Debug|Any CPU
		Release|Any CPU = Release|Any CPU
	EndGlobalSection
	GlobalSection(ProjectConfigurationPlatforms) = postSolution
		{573B793D-BB61-4952-85EA-F4E9C16E191D}.Debug|Any CPU.ActiveCfg = Debug|Any CPU
		{573B793D-BB61-4952-85EA-F4E9C16E191D}.Debug|Any CPU.Build.0 = Debug|Any CPU
		{573B793D-BB61-4952-85EA-F4E9C16E191D}.Release|Any CPU.ActiveCfg = Release|Any CPU
		{573B793D-BB61-4952-85EA-F4E9C16E191D}.Release|Any CPU.Build.0 = Release|Any CPU
	EndGlobalSection
	GlobalSection(SolutionProperties) = preSolution
		HideSolutionNode = FALSE
	EndGlobalSection
	GlobalSection(ExtensibilityGlobals) = postSolution
		SolutionGuid = {17C5414C-F185-4DDC-8F77-BF94D357CE44}
	EndGlobalSection
EndGlobal
